{
  "lockfileVersion": 1,
  "configVersion": 1,
  "workspaces": {
    "": {
      "name": "scribble",
      "dependencies": {
        "@base-ui-components/react": "^1.0.0-beta.0",
        "@effect-atom/atom-react": "^0.5.0",
        "@preact/signals-react": "^3.0.0",
        "cmdk": "^1.1.1",
        "effect": "^3.21.2",
        "highlight.js": "^11.11.1",
        "katex": "^0.16.47",
        "marked": "^18.0.4",
        "marked-gfm-heading-id": "^4.1.4",
        "marked-highlight": "^2.2.4",
        "marked-katex-extension": "^5.1.8",
        "mermaid": "^11.15.0",
        "react": "^19.0.0",
        "react-dom": "^19.0.0",
        "react-hotkeys-hook": "^4.6.0",
        "ulid": "^2.3.0",
        "zod": "^3.23.0",
      },
      "devDependencies": {
        "@types/bun": "^1.2.0",
        "@types/katex": "^0.16.8",
        "@types/react": "^19.0.0",
        "@types/react-dom": "^19.0.0",
        "typescript": "^5.6.0",
      },
    },
  },
  "packages": {
    "@antfu/install-pkg": ["@antfu/install-pkg@1.1.0", "", { "dependencies": { "package-manager-detector": "^1.3.0", "tinyexec": "^1.0.1" } }, "sha512-MGQsmw10ZyI+EJo45CdSER4zEb+p31LpDAFp2Z3gkSd1yqVZGi0Ebx++YTEMonJy4oChEMLsxZ64j8FH6sSqtQ=="],

    "@babel/runtime": ["@babel/runtime@7.29.2", "", {}, "sha512-JiDShH45zKHWyGe4ZNVRrCjBz8Nh9TMmZG1kh4QTK8hCBTWBi8Da+i7s1fJw7/lYpM4ccepSNfqzZ/QvABBi5g=="],

    "@base-ui-components/react": ["@base-ui-components/react@1.0.0-rc.0", "", { "dependencies": { "@babel/runtime": "^7.28.4", "@base-ui-components/utils": "0.2.2", "@floating-ui/react-dom": "^2.1.6", "@floating-ui/utils": "^0.2.10", "reselect": "^5.1.1", "tabbable": "^6.3.0", "use-sync-external-store": "^1.6.0" }, "peerDependencies": { "@types/react": "^17 || ^18 || ^19", "react": "^17 || ^18 || ^19", "react-dom": "^17 || ^18 || ^19" }, "optionalPeers": ["@types/react"] }, "sha512-9lhUFbJcbXvc9KulLev1WTFxS/alJRBWDH/ibKSQaNvmDwMFS2gKp1sTeeldYSfKuS/KC1w2MZutc0wHu2hRHQ=="],

    "@base-ui-components/utils": ["@base-ui-components/utils@0.2.2", "", { "dependencies": { "@babel/runtime": "^7.28.4", "@floating-ui/utils": "^0.2.10", "reselect": "^5.1.1", "use-sync-external-store": "^1.6.0" }, "peerDependencies": { "@types/react": "^17 || ^18 || ^19", "react": "^17 || ^18 || ^19", "react-dom": "^17 || ^18 || ^19" }, "optionalPeers": ["@types/react"] }, "sha512-rNJCD6TFy3OSRDKVHJDzLpxO3esTV1/drRtWNUpe7rCpPN9HZVHUCuP+6rdDYDGWfXnQHbqi05xOyRP2iZAlkw=="],

    "@braintree/sanitize-url": ["@braintree/sanitize-url@7.1.2", "", {}, "sha512-jigsZK+sMF/cuiB7sERuo9V7N9jx+dhmHHnQyDSVdpZwVutaBu7WvNYqMDLSgFgfB30n452TP3vjDAvFC973mA=="],

    "@chevrotain/types": ["@chevrotain/types@11.1.2", "", {}, "sha512-U+HFai5+zmJCkK86QsaJtoITlboZHBqrVketcO2ROv865xfCMSFpELQoz1GkX5GzME8pTa+3kbKrZHQtI0gdbw=="],

    "@effect-atom/atom": ["@effect-atom/atom@0.5.3", "", { "peerDependencies": { "@effect/experimental": "^0.58.0", "@effect/platform": "^0.94.2", "@effect/rpc": "^0.73.0", "effect": "^3.19.15" } }, "sha512-TRZv/i+YT3TtnN0oFORJqXdxSs1fc7lrJlH+1xZvDFyjC9hgoVnrcKbeZsDFmr6r0wYRqVo7U3IftxiQNjpNZA=="],

    "@effect-atom/atom-react": ["@effect-atom/atom-react@0.5.0", "", { "dependencies": { "@effect-atom/atom": "^0.5.0" }, "peerDependencies": { "effect": "^3.19", "react": ">=18 <20", "scheduler": "*" } }, "sha512-aFfjWi4rEJCqfM12Oi36/EKaDm/W6n4/N6yM5vL0t/QozKhJhK05rQL/GY4XMxlH2eqkQ4ih8jBQa3Yyp0Fiqw=="],

    "@effect/experimental": ["@effect/experimental@0.58.0", "", { "dependencies": { "uuid": "^11.0.3" }, "peerDependencies": { "@effect/platform": "^0.94.0", "effect": "^3.19.13", "ioredis": "^5", "lmdb": "^3" }, "optionalPeers": ["ioredis", "lmdb"] }, "sha512-IEP9sapjF6rFy5TkoqDPc86st/fnqUfjT7Xa3pWJrFGr1hzaMXHo+mWsYOZS9LAOVKnpHuVziDK97EP5qsCHVA=="],

    "@effect/platform": ["@effect/platform@0.94.5", "", { "dependencies": { "find-my-way-ts": "^0.1.6", "msgpackr": "^1.11.4", "multipasta": "^0.2.7" }, "peerDependencies": { "effect": "^3.19.17" } }, "sha512-z05APUiDDPbodhTkH/RJqOLoCU11bU2IZLfcwLFrld03+ob1VeqRnELQlmueLIYm6NZifHAtjl32V+GRt34y4A=="],

    "@effect/rpc": ["@effect/rpc@0.73.2", "", { "dependencies": { "msgpackr": "^1.11.4" }, "peerDependencies": { "@effect/platform": "^0.94.5", "effect": "^3.19.18" } }, "sha512-td7LHDgBOYKg+VgGWEelD8rSAmvjXz7am17vfxZROX5qIYuvH7drL/z4p5xQFadhHZ7DYdlFpqdO9ggc77OCIw=="],

    "@floating-ui/core": ["@floating-ui/core@1.7.5", "", { "dependencies": { "@floating-ui/utils": "^0.2.11" } }, "sha512-1Ih4WTWyw0+lKyFMcBHGbb5U5FtuHJuujoyyr5zTaWS5EYMeT6Jb2AuDeftsCsEuchO+mM2ij5+q9crhydzLhQ=="],

    "@floating-ui/dom": ["@floating-ui/dom@1.7.6", "", { "dependencies": { "@floating-ui/core": "^1.7.5", "@floating-ui/utils": "^0.2.11" } }, "sha512-9gZSAI5XM36880PPMm//9dfiEngYoC6Am2izES1FF406YFsjvyBMmeJ2g4SAju3xWwtuynNRFL2s9hgxpLI5SQ=="],

    "@floating-ui/react-dom": ["@floating-ui/react-dom@2.1.8", "", { "dependencies": { "@floating-ui/dom": "^1.7.6" }, "peerDependencies": { "react": ">=16.8.0", "react-dom": ">=16.8.0" } }, "sha512-cC52bHwM/n/CxS87FH0yWdngEZrjdtLW/qVruo68qg+prK7ZQ4YGdut2GyDVpoGeAYe/h899rVeOVm6Oi40k2A=="],

    "@floating-ui/utils": ["@floating-ui/utils@0.2.11", "", {}, "sha512-RiB/yIh78pcIxl6lLMG0CgBXAZ2Y0eVHqMPYugu+9U0AeT6YBeiJpf7lbdJNIugFP5SIjwNRgo4DhR1Qxi26Gg=="],

    "@iconify/types": ["@iconify/types@2.0.0", "", {}, "sha512-+wluvCrRhXrhyOmRDJ3q8mux9JkKy5SJ/v8ol2tu4FVjyYvtEzkc/3pK15ET6RKg4b4w4BmTk1+gsCUhf21Ykg=="],

    "@iconify/utils": ["@iconify/utils@3.1.3", "", { "dependencies": { "@antfu/install-pkg": "^1.1.0", "@iconify/types": "^2.0.0", "import-meta-resolve": "^4.2.0" } }, "sha512-LPKOXPn/zV+zis1oOfGWogaXVpqUybF3ZS6SCZIsz8vg0ivVp9+fVqyYB7xq0aiST/VhUQYGO1qo6uoYSiEJqw=="],

    "@mermaid-js/parser": ["@mermaid-js/parser@1.1.1", "", { "dependencies": { "@chevrotain/types": "~11.1.1" } }, "sha512-VuHdsYMK1bT6X2JbcAaWAhugTRvRBRyuZgd+c22swUeI9g/ntaxF7CY7dYarhZovofCbUNO0G7JesfmNtjYOCw=="],

    "@msgpackr-extract/msgpackr-extract-darwin-arm64": ["@msgpackr-extract/msgpackr-extract-darwin-arm64@3.0.3", "", { "os": "darwin", "cpu": "arm64" }, "sha512-QZHtlVgbAdy2zAqNA9Gu1UpIuI8Xvsd1v8ic6B2pZmeFnFcMWiPLfWXh7TVw4eGEZ/C9TH281KwhVoeQUKbyjw=="],

    "@msgpackr-extract/msgpackr-extract-darwin-x64": ["@msgpackr-extract/msgpackr-extract-darwin-x64@3.0.3", "", { "os": "darwin", "cpu": "x64" }, "sha512-mdzd3AVzYKuUmiWOQ8GNhl64/IoFGol569zNRdkLReh6LRLHOXxU4U8eq0JwaD8iFHdVGqSy4IjFL4reoWCDFw=="],

    "@msgpackr-extract/msgpackr-extract-linux-arm": ["@msgpackr-extract/msgpackr-extract-linux-arm@3.0.3", "", { "os": "linux", "cpu": "arm" }, "sha512-fg0uy/dG/nZEXfYilKoRe7yALaNmHoYeIoJuJ7KJ+YyU2bvY8vPv27f7UKhGRpY6euFYqEVhxCFZgAUNQBM3nw=="],

    "@msgpackr-extract/msgpackr-extract-linux-arm64": ["@msgpackr-extract/msgpackr-extract-linux-arm64@3.0.3", "", { "os": "linux", "cpu": "arm64" }, "sha512-YxQL+ax0XqBJDZiKimS2XQaf+2wDGVa1enVRGzEvLLVFeqa5kx2bWbtcSXgsxjQB7nRqqIGFIcLteF/sHeVtQg=="],

    "@msgpackr-extract/msgpackr-extract-linux-x64": ["@msgpackr-extract/msgpackr-extract-linux-x64@3.0.3", "", { "os": "linux", "cpu": "x64" }, "sha512-cvwNfbP07pKUfq1uH+S6KJ7dT9K8WOE4ZiAcsrSes+UY55E/0jLYc+vq+DO7jlmqRb5zAggExKm0H7O/CBaesg=="],

    "@msgpackr-extract/msgpackr-extract-win32-x64": ["@msgpackr-extract/msgpackr-extract-win32-x64@3.0.3", "", { "os": "win32", "cpu": "x64" }, "sha512-x0fWaQtYp4E6sktbsdAqnehxDgEc/VwM7uLsRCYWaiGu0ykYdZPiS8zCWdnjHwyiumousxfBm4SO31eXqwEZhQ=="],

    "@preact/signals-core": ["@preact/signals-core@1.14.2", "", {}, "sha512-RZHdBj9ZF4n40Rp4jS052EHHjBWf96P9oNdXPfhQTovCuWY9iQn3Gq+gOTJSgBO9A/JBuPfMOWsSX/lIU9Pc/A=="],

    "@preact/signals-react": ["@preact/signals-react@3.10.1", "", { "dependencies": { "@preact/signals-core": "^1.14.2", "use-sync-external-store": "^1.2.0" }, "peerDependencies": { "react": "^16.14.0 || 17.x || 18.x || 19.x" } }, "sha512-42/ESNbLT2dpK/IElwo9YG0kFmFKz+pUQoAKLf59BVjSXdWMeUIm4WaVYTnC01ROuF2UDU+H3uX5fq8WreamSg=="],

    "@radix-ui/primitive": ["@radix-ui/primitive@1.1.3", "", {}, "sha512-JTF99U/6XIjCBo0wqkU5sK10glYe27MRRsfwoiq5zzOEZLHU3A3KCMa5X/azekYRCJ0HlwI0crAXS/5dEHTzDg=="],

    "@radix-ui/react-compose-refs": ["@radix-ui/react-compose-refs@1.1.2", "", { "peerDependencies": { "@types/react": "*", "react": "^16.8 || ^17.0 || ^18.0 || ^19.0 || ^19.0.0-rc" }, "optionalPeers": ["@types/react"] }, "sha512-z4eqJvfiNnFMHIIvXP3CY57y2WJs5g2v3X0zm9mEJkrkNv4rDxu+sg9Jh8EkXyeqBkB7SOcboo9dMVqhyrACIg=="],

    "@radix-ui/react-context": ["@radix-ui/react-context@1.1.2", "", { "peerDependencies": { "@types/react": "*", "react": "^16.8 || ^17.0 || ^18.0 || ^19.0 || ^19.0.0-rc" }, "optionalPeers": ["@types/react"] }, "sha512-jCi/QKUM2r1Ju5a3J64TH2A5SpKAgh0LpknyqdQ4m6DCV0xJ2HG1xARRwNGPQfi1SLdLWZ1OJz6F4OMBBNiGJA=="],

    "@radix-ui/react-dialog": ["@radix-ui/react-dialog@1.1.15", "", { "dependencies": { "@radix-ui/primitive": "1.1.3", "@radix-ui/react-compose-refs": "1.1.2", "@radix-ui/react-context": "1.1.2", "@radix-ui/react-dismissable-layer": "1.1.11", "@radix-ui/react-focus-guards": "1.1.3", "@radix-ui/react-focus-scope": "1.1.7", "@radix-ui/react-id": "1.1.1", "@radix-ui/react-portal": "1.1.9", "@radix-ui/react-presence": "1.1.5", "@radix-ui/react-primitive": "2.1.3", "@radix-ui/react-slot": "1.2.3", "@radix-ui/react-use-controllable-state": "1.2.2", "aria-hidden": "^1.2.4", "react-remove-scroll": "^2.6.3" }, "peerDependencies": { "@types/react": "*", "@types/react-dom": "*", "react": "^16.8 || ^17.0 || ^18.0 || ^19.0 || ^19.0.0-rc", "react-dom": "^16.8 || ^17.0 || ^18.0 || ^19.0 || ^19.0.0-rc" }, "optionalPeers": ["@types/react", "@types/react-dom"] }, "sha512-TCglVRtzlffRNxRMEyR36DGBLJpeusFcgMVD9PZEzAKnUs1lKCgX5u9BmC2Yg+LL9MgZDugFFs1Vl+Jp4t/PGw=="],

    "@radix-ui/react-dismissable-layer": ["@radix-ui/react-dismissable-layer@1.1.11", "", { "dependencies": { "@radix-ui/primitive": "1.1.3", "@radix-ui/react-compose-refs": "1.1.2", "@radix-ui/react-primitive": "2.1.3", "@radix-ui/react-use-callback-ref": "1.1.1", "@radix-ui/react-use-escape-keydown": "1.1.1" }, "peerDependencies": { "@types/react": "*", "@types/react-dom": "*", "react": "^16.8 || ^17.0 || ^18.0 || ^19.0 || ^19.0.0-rc", "react-dom": "^16.8 || ^17.0 || ^18.0 || ^19.0 || ^19.0.0-rc" }, "optionalPeers": ["@types/react", "@types/react-dom"] }, "sha512-Nqcp+t5cTB8BinFkZgXiMJniQH0PsUt2k51FUhbdfeKvc4ACcG2uQniY/8+h1Yv6Kza4Q7lD7PQV0z0oicE0Mg=="],

    "@radix-ui/react-focus-guards": ["@radix-ui/react-focus-guards@1.1.3", "", { "peerDependencies": { "@types/react": "*", "react": "^16.8 || ^17.0 || ^18.0 || ^19.0 || ^19.0.0-rc" }, "optionalPeers": ["@types/react"] }, "sha512-0rFg/Rj2Q62NCm62jZw0QX7a3sz6QCQU0LpZdNrJX8byRGaGVTqbrW9jAoIAHyMQqsNpeZ81YgSizOt5WXq0Pw=="],

    "@radix-ui/react-focus-scope": ["@radix-ui/react-focus-scope@1.1.7", "", { "dependencies": { "@radix-ui/react-compose-refs": "1.1.2", "@radix-ui/react-primitive": "2.1.3", "@radix-ui/react-use-callback-ref": "1.1.1" }, "peerDependencies": { "@types/react": "*", "@types/react-dom": "*", "react": "^16.8 || ^17.0 || ^18.0 || ^19.0 || ^19.0.0-rc", "react-dom": "^16.8 || ^17.0 || ^18.0 || ^19.0 || ^19.0.0-rc" }, "optionalPeers": ["@types/react", "@types/react-dom"] }, "sha512-t2ODlkXBQyn7jkl6TNaw/MtVEVvIGelJDCG41Okq/KwUsJBwQ4XVZsHAVUkK4mBv3ewiAS3PGuUWuY2BoK4ZUw=="],

    "@radix-ui/react-id": ["@radix-ui/react-id@1.1.1", "", { "dependencies": { "@radix-ui/react-use-layout-effect": "1.1.1" }, "peerDependencies": { "@types/react": "*", "react": "^16.8 || ^17.0 || ^18.0 || ^19.0 || ^19.0.0-rc" }, "optionalPeers": ["@types/react"] }, "sha512-kGkGegYIdQsOb4XjsfM97rXsiHaBwco+hFI66oO4s9LU+PLAC5oJ7khdOVFxkhsmlbpUqDAvXw11CluXP+jkHg=="],

    "@radix-ui/react-portal": ["@radix-ui/react-portal@1.1.9", "", { "dependencies": { "@radix-ui/react-primitive": "2.1.3", "@radix-ui/react-use-layout-effect": "1.1.1" }, "peerDependencies": { "@types/react": "*", "@types/react-dom": "*", "react": "^16.8 || ^17.0 || ^18.0 || ^19.0 || ^19.0.0-rc", "react-dom": "^16.8 || ^17.0 || ^18.0 || ^19.0 || ^19.0.0-rc" }, "optionalPeers": ["@types/react", "@types/react-dom"] }, "sha512-bpIxvq03if6UNwXZ+HTK71JLh4APvnXntDc6XOX8UVq4XQOVl7lwok0AvIl+b8zgCw3fSaVTZMpAPPagXbKmHQ=="],

    "@radix-ui/react-presence": ["@radix-ui/react-presence@1.1.5", "", { "dependencies": { "@radix-ui/react-compose-refs": "1.1.2", "@radix-ui/react-use-layout-effect": "1.1.1" }, "peerDependencies": { "@types/react": "*", "@types/react-dom": "*", "react": "^16.8 || ^17.0 || ^18.0 || ^19.0 || ^19.0.0-rc", "react-dom": "^16.8 || ^17.0 || ^18.0 || ^19.0 || ^19.0.0-rc" }, "optionalPeers": ["@types/react", "@types/react-dom"] }, "sha512-/jfEwNDdQVBCNvjkGit4h6pMOzq8bHkopq458dPt2lMjx+eBQUohZNG9A7DtO/O5ukSbxuaNGXMjHicgwy6rQQ=="],

    "@radix-ui/react-primitive": ["@radix-ui/react-primitive@2.1.4", "", { "dependencies": { "@radix-ui/react-slot": "1.2.4" }, "peerDependencies": { "@types/react": "*", "@types/react-dom": "*", "react": "^16.8 || ^17.0 || ^18.0 || ^19.0 || ^19.0.0-rc", "react-dom": "^16.8 || ^17.0 || ^18.0 || ^19.0 || ^19.0.0-rc" }, "optionalPeers": ["@types/react", "@types/react-dom"] }, "sha512-9hQc4+GNVtJAIEPEqlYqW5RiYdrr8ea5XQ0ZOnD6fgru+83kqT15mq2OCcbe8KnjRZl5vF3ks69AKz3kh1jrhg=="],

    "@radix-ui/react-slot": ["@radix-ui/react-slot@1.2.3", "", { "dependencies": { "@radix-ui/react-compose-refs": "1.1.2" }, "peerDependencies": { "@types/react": "*", "react": "^16.8 || ^17.0 || ^18.0 || ^19.0 || ^19.0.0-rc" }, "optionalPeers": ["@types/react"] }, "sha512-aeNmHnBxbi2St0au6VBVC7JXFlhLlOnvIIlePNniyUNAClzmtAUEY8/pBiK3iHjufOlwA+c20/8jngo7xcrg8A=="],

    "@radix-ui/react-use-callback-ref": ["@radix-ui/react-use-callback-ref@1.1.1", "", { "peerDependencies": { "@types/react": "*", "react": "^16.8 || ^17.0 || ^18.0 || ^19.0 || ^19.0.0-rc" }, "optionalPeers": ["@types/react"] }, "sha512-FkBMwD+qbGQeMu1cOHnuGB6x4yzPjho8ap5WtbEJ26umhgqVXbhekKUQO+hZEL1vU92a3wHwdp0HAcqAUF5iDg=="],

    "@radix-ui/react-use-controllable-state": ["@radix-ui/react-use-controllable-state@1.2.2", "", { "dependencies": { "@radix-ui/react-use-effect-event": "0.0.2", "@radix-ui/react-use-layout-effect": "1.1.1" }, "peerDependencies": { "@types/react": "*", "react": "^16.8 || ^17.0 || ^18.0 || ^19.0 || ^19.0.0-rc" }, "optionalPeers": ["@types/react"] }, "sha512-BjasUjixPFdS+NKkypcyyN5Pmg83Olst0+c6vGov0diwTEo6mgdqVR6hxcEgFuh4QrAs7Rc+9KuGJ9TVCj0Zzg=="],

    "@radix-ui/react-use-effect-event": ["@radix-ui/react-use-effect-event@0.0.2", "", { "dependencies": { "@radix-ui/react-use-layout-effect": "1.1.1" }, "peerDependencies": { "@types/react": "*", "react": "^16.8 || ^17.0 || ^18.0 || ^19.0 || ^19.0.0-rc" }, "optionalPeers": ["@types/react"] }, "sha512-Qp8WbZOBe+blgpuUT+lw2xheLP8q0oatc9UpmiemEICxGvFLYmHm9QowVZGHtJlGbS6A6yJ3iViad/2cVjnOiA=="],

    "@radix-ui/react-use-escape-keydown": ["@radix-ui/react-use-escape-keydown@1.1.1", "", { "dependencies": { "@radix-ui/react-use-callback-ref": "1.1.1" }, "peerDependencies": { "@types/react": "*", "react": "^16.8 || ^17.0 || ^18.0 || ^19.0 || ^19.0.0-rc" }, "optionalPeers": ["@types/react"] }, "sha512-Il0+boE7w/XebUHyBjroE+DbByORGR9KKmITzbR7MyQ4akpORYP/ZmbhAr0DG7RmmBqoOnZdy2QlvajJ2QA59g=="],

    "@radix-ui/react-use-layout-effect": ["@radix-ui/react-use-layout-effect@1.1.1", "", { "peerDependencies": { "@types/react": "*", "react": "^16.8 || ^17.0 || ^18.0 || ^19.0 || ^19.0.0-rc" }, "optionalPeers": ["@types/react"] }, "sha512-RbJRS4UWQFkzHTTwVymMTUv8EqYhOp8dOOviLj2ugtTiXRaRQS7GLGxZTLL1jWhMeoSCf5zmcZkqTl9IiYfXcQ=="],

    "@standard-schema/spec": ["@standard-schema/spec@1.1.0", "", {}, "sha512-l2aFy5jALhniG5HgqrD6jXLi/rUWrKvqN/qJx6yoJsgKhblVd+iqqU4RCXavm/jPityDo5TCvKMnpjKnOriy0w=="],

    "@types/bun": ["@types/bun@1.3.14", "", { "dependencies": { "bun-types": "1.3.14" } }, "sha512-h1hFqFVcvAvD9j9K7ZW7vd82aSA+rTdznZa+5bwvCwqSB1jmmfLcbIWhOLx1/+boy/xmjgCs/OMUL8hRJSmnPw=="],

    "@types/d3": ["@types/d3@7.4.3", "", { "dependencies": { "@types/d3-array": "*", "@types/d3-axis": "*", "@types/d3-brush": "*", "@types/d3-chord": "*", "@types/d3-color": "*", "@types/d3-contour": "*", "@types/d3-delaunay": "*", "@types/d3-dispatch": "*", "@types/d3-drag": "*", "@types/d3-dsv": "*", "@types/d3-ease": "*", "@types/d3-fetch": "*", "@types/d3-force": "*", "@types/d3-format": "*", "@types/d3-geo": "*", "@types/d3-hierarchy": "*", "@types/d3-interpolate": "*", "@types/d3-path": "*", "@types/d3-polygon": "*", "@types/d3-quadtree": "*", "@types/d3-random": "*", "@types/d3-scale": "*", "@types/d3-scale-chromatic": "*", "@types/d3-selection": "*", "@types/d3-shape": "*", "@types/d3-time": "*", "@types/d3-time-format": "*", "@types/d3-timer": "*", "@types/d3-transition": "*", "@types/d3-zoom": "*" } }, "sha512-lZXZ9ckh5R8uiFVt8ogUNf+pIrK4EsWrx2Np75WvF/eTpJ0FMHNhjXk8CKEx/+gpHbNQyJWehbFaTvqmHWB3ww=="],

    "@types/d3-array": ["@types/d3-array@3.2.2", "", {}, "sha512-hOLWVbm7uRza0BYXpIIW5pxfrKe0W+D5lrFiAEYR+pb6w3N2SwSMaJbXdUfSEv+dT4MfHBLtn5js0LAWaO6otw=="],

    "@types/d3-axis": ["@types/d3-axis@3.0.6", "", { "dependencies": { "@types/d3-selection": "*" } }, "sha512-pYeijfZuBd87T0hGn0FO1vQ/cgLk6E1ALJjfkC0oJ8cbwkZl3TpgS8bVBLZN+2jjGgg38epgxb2zmoGtSfvgMw=="],

    "@types/d3-brush": ["@types/d3-brush@3.0.6", "", { "dependencies": { "@types/d3-selection": "*" } }, "sha512-nH60IZNNxEcrh6L1ZSMNA28rj27ut/2ZmI3r96Zd+1jrZD++zD3LsMIjWlvg4AYrHn/Pqz4CF3veCxGjtbqt7A=="],

    "@types/d3-chord": ["@types/d3-chord@3.0.6", "", {}, "sha512-LFYWWd8nwfwEmTZG9PfQxd17HbNPksHBiJHaKuY1XeqscXacsS2tyoo6OdRsjf+NQYeB6XrNL3a25E3gH69lcg=="],

    "@types/d3-color": ["@types/d3-color@3.1.3", "", {}, "sha512-iO90scth9WAbmgv7ogoq57O9YpKmFBbmoEoCHDB2xMBY0+/KVrqAaCDyCE16dUspeOvIxFFRI+0sEtqDqy2b4A=="],

    "@types/d3-contour": ["@types/d3-contour@3.0.6", "", { "dependencies": { "@types/d3-array": "*", "@types/geojson": "*" } }, "sha512-BjzLgXGnCWjUSYGfH1cpdo41/hgdWETu4YxpezoztawmqsvCeep+8QGfiY6YbDvfgHz/DkjeIkkZVJavB4a3rg=="],

    "@types/d3-delaunay": ["@types/d3-delaunay@6.0.4", "", {}, "sha512-ZMaSKu4THYCU6sV64Lhg6qjf1orxBthaC161plr5KuPHo3CNm8DTHiLw/5Eq2b6TsNP0W0iJrUOFscY6Q450Hw=="],

    "@types/d3-dispatch": ["@types/d3-dispatch@3.0.7", "", {}, "sha512-5o9OIAdKkhN1QItV2oqaE5KMIiXAvDWBDPrD85e58Qlz1c1kI/J0NcqbEG88CoTwJrYe7ntUCVfeUl2UJKbWgA=="],

    "@types/d3-drag": ["@types/d3-drag@3.0.7", "", { "dependencies": { "@types/d3-selection": "*" } }, "sha512-HE3jVKlzU9AaMazNufooRJ5ZpWmLIoc90A37WU2JMmeq28w1FQqCZswHZ3xR+SuxYftzHq6WU6KJHvqxKzTxxQ=="],

    "@types/d3-dsv": ["@types/d3-dsv@3.0.7", "", {}, "sha512-n6QBF9/+XASqcKK6waudgL0pf/S5XHPPI8APyMLLUHd8NqouBGLsU8MgtO7NINGtPBtk9Kko/W4ea0oAspwh9g=="],

    "@types/d3-ease": ["@types/d3-ease@3.0.2", "", {}, "sha512-NcV1JjO5oDzoK26oMzbILE6HW7uVXOHLQvHshBUW4UMdZGfiY6v5BeQwh9a9tCzv+CeefZQHJt5SRgK154RtiA=="],

    "@types/d3-fetch": ["@types/d3-fetch@3.0.7", "", { "dependencies": { "@types/d3-dsv": "*" } }, "sha512-fTAfNmxSb9SOWNB9IoG5c8Hg6R+AzUHDRlsXsDZsNp6sxAEOP0tkP3gKkNSO/qmHPoBFTxNrjDprVHDQDvo5aA=="],

    "@types/d3-force": ["@types/d3-force@3.0.10", "", {}, "sha512-ZYeSaCF3p73RdOKcjj+swRlZfnYpK1EbaDiYICEEp5Q6sUiqFaFQ9qgoshp5CzIyyb/yD09kD9o2zEltCexlgw=="],

    "@types/d3-format": ["@types/d3-format@3.0.4", "", {}, "sha512-fALi2aI6shfg7vM5KiR1wNJnZ7r6UuggVqtDA+xiEdPZQwy/trcQaHnwShLuLdta2rTymCNpxYTiMZX/e09F4g=="],

    "@types/d3-geo": ["@types/d3-geo@3.1.0", "", { "dependencies": { "@types/geojson": "*" } }, "sha512-856sckF0oP/diXtS4jNsiQw/UuK5fQG8l/a9VVLeSouf1/PPbBE1i1W852zVwKwYCBkFJJB7nCFTbk6UMEXBOQ=="],

    "@types/d3-hierarchy": ["@types/d3-hierarchy@3.1.7", "", {}, "sha512-tJFtNoYBtRtkNysX1Xq4sxtjK8YgoWUNpIiUee0/jHGRwqvzYxkq0hGVbbOGSz+JgFxxRu4K8nb3YpG3CMARtg=="],

    "@types/d3-interpolate": ["@types/d3-interpolate@3.0.4", "", { "dependencies": { "@types/d3-color": "*" } }, "sha512-mgLPETlrpVV1YRJIglr4Ez47g7Yxjl1lj7YKsiMCb27VJH9W8NVM6Bb9d8kkpG/uAQS5AmbA48q2IAolKKo1MA=="],

    "@types/d3-path": ["@types/d3-path@3.1.1", "", {}, "sha512-VMZBYyQvbGmWyWVea0EHs/BwLgxc+MKi1zLDCONksozI4YJMcTt8ZEuIR4Sb1MMTE8MMW49v0IwI5+b7RmfWlg=="],

    "@types/d3-polygon": ["@types/d3-polygon@3.0.2", "", {}, "sha512-ZuWOtMaHCkN9xoeEMr1ubW2nGWsp4nIql+OPQRstu4ypeZ+zk3YKqQT0CXVe/PYqrKpZAi+J9mTs05TKwjXSRA=="],

    "@types/d3-quadtree": ["@types/d3-quadtree@3.0.6", "", {}, "sha512-oUzyO1/Zm6rsxKRHA1vH0NEDG58HrT5icx/azi9MF1TWdtttWl0UIUsjEQBBh+SIkrpd21ZjEv7ptxWys1ncsg=="],

    "@types/d3-random": ["@types/d3-random@3.0.3", "", {}, "sha512-Imagg1vJ3y76Y2ea0871wpabqp613+8/r0mCLEBfdtqC7xMSfj9idOnmBYyMoULfHePJyxMAw3nWhJxzc+LFwQ=="],

    "@types/d3-scale": ["@types/d3-scale@4.0.9", "", { "dependencies": { "@types/d3-time": "*" } }, "sha512-dLmtwB8zkAeO/juAMfnV+sItKjlsw2lKdZVVy6LRr0cBmegxSABiLEpGVmSJJ8O08i4+sGR6qQtb6WtuwJdvVw=="],

    "@types/d3-scale-chromatic": ["@types/d3-scale-chromatic@3.1.0", "", {}, "sha512-iWMJgwkK7yTRmWqRB5plb1kadXyQ5Sj8V/zYlFGMUBbIPKQScw+Dku9cAAMgJG+z5GYDoMjWGLVOvjghDEFnKQ=="],

    "@types/d3-selection": ["@types/d3-selection@3.0.11", "", {}, "sha512-bhAXu23DJWsrI45xafYpkQ4NtcKMwWnAC/vKrd2l+nxMFuvOT3XMYTIj2opv8vq8AO5Yh7Qac/nSeP/3zjTK0w=="],

    "@types/d3-shape": ["@types/d3-shape@3.1.8", "", { "dependencies": { "@types/d3-path": "*" } }, "sha512-lae0iWfcDeR7qt7rA88BNiqdvPS5pFVPpo5OfjElwNaT2yyekbM0C9vK+yqBqEmHr6lDkRnYNoTBYlAgJa7a4w=="],

    "@types/d3-time": ["@types/d3-time@3.0.4", "", {}, "sha512-yuzZug1nkAAaBlBBikKZTgzCeA+k1uy4ZFwWANOfKw5z5LRhV0gNA7gNkKm7HoK+HRN0wX3EkxGk0fpbWhmB7g=="],

    "@types/d3-time-format": ["@types/d3-time-format@4.0.3", "", {}, "sha512-5xg9rC+wWL8kdDj153qZcsJ0FWiFt0J5RB6LYUNZjwSnesfblqrI/bJ1wBdJ8OQfncgbJG5+2F+qfqnqyzYxyg=="],

    "@types/d3-timer": ["@types/d3-timer@3.0.2", "", {}, "sha512-Ps3T8E8dZDam6fUyNiMkekK3XUsaUEik+idO9/YjPtfj2qruF8tFBXS7XhtE4iIXBLxhmLjP3SXpLhVf21I9Lw=="],

    "@types/d3-transition": ["@types/d3-transition@3.0.9", "", { "dependencies": { "@types/d3-selection": "*" } }, "sha512-uZS5shfxzO3rGlu0cC3bjmMFKsXv+SmZZcgp0KD22ts4uGXp5EVYGzu/0YdwZeKmddhcAccYtREJKkPfXkZuCg=="],

    "@types/d3-zoom": ["@types/d3-zoom@3.0.8", "", { "dependencies": { "@types/d3-interpolate": "*", "@types/d3-selection": "*" } }, "sha512-iqMC4/YlFCSlO8+2Ii1GGGliCAY4XdeG748w5vQUbevlbDu0zSjH/+jojorQVBK/se0j6DUFNPBGSqD3YWYnDw=="],

    "@types/geojson": ["@types/geojson@7946.0.16", "", {}, "sha512-6C8nqWur3j98U6+lXDfTUWIfgvZU+EumvpHKcYjujKH7woYyLj2sUmff0tRhrqM7BohUw7Pz3ZB1jj2gW9Fvmg=="],

    "@types/katex": ["@types/katex@0.16.8", "", {}, "sha512-trgaNyfU+Xh2Tc+ABIb44a5AYUpicB3uwirOioeOkNPPbmgRNtcWyDeeFRzjPZENO9Vq8gvVqfhaaXWLlevVwg=="],

    "@types/node": ["@types/node@25.9.1", "", { "dependencies": { "undici-types": ">=7.24.0 <7.24.7" } }, "sha512-xfrlY7UD5rMJk3ZVJP8BNzS28J36YJg+xp+LPXV1TdWxr8uMH5A860QNxYDGQe/ylDSgjxE52Q9VnO7p75tJxg=="],

    "@types/react": ["@types/react@19.2.15", "", { "dependencies": { "csstype": "^3.2.2" } }, "sha512-eRwcGNHve+E8qtEQSSRl6urh+rFop4v8gm6O8rGv25CodbvFdLjA1vVQ1KkiFE0w0UPOnb8tDiFKL5lp0rtY5Q=="],

    "@types/react-dom": ["@types/react-dom@19.2.3", "", { "peerDependencies": { "@types/react": "^19.2.0" } }, "sha512-jp2L/eY6fn+KgVVQAOqYItbF0VY/YApe5Mz2F0aykSO8gx31bYCZyvSeYxCHKvzHG5eZjc+zyaS5BrBWya2+kQ=="],

    "@types/trusted-types": ["@types/trusted-types@2.0.7", "", {}, "sha512-ScaPdn1dQczgbl0QFTeTOmVHFULt394XJgOQNoyVhZ6r2vLnMLJfBPd53SB52T/3G36VI1/g2MZaX0cwDuXsfw=="],

    "@upsetjs/venn.js": ["@upsetjs/venn.js@2.0.0", "", { "optionalDependencies": { "d3-selection": "^3.0.0", "d3-transition": "^3.0.1" } }, "sha512-WbBhLrooyePuQ1VZxrJjtLvTc4NVfpOyKx0sKqioq9bX1C1m7Jgykkn8gLrtwumBioXIqam8DLxp88Adbue6Hw=="],

    "aria-hidden": ["aria-hidden@1.2.6", "", { "dependencies": { "tslib": "^2.0.0" } }, "sha512-ik3ZgC9dY/lYVVM++OISsaYDeg1tb0VtP5uL3ouh1koGOaUMDPpbFIei4JkFimWUFPn90sbMNMXQAIVOlnYKJA=="],

    "bun-types": ["bun-types@1.3.14", "", { "dependencies": { "@types/node": "*" } }, "sha512-4N0ig0fEomHt5R0KCFWjovxow98rIoRwKolrYdCcknNwMekCXRnWEUvgu5soYV8QXtVsrUD8B95MBOZGPvr6KQ=="],

    "cmdk": ["cmdk@1.1.1", "", { "dependencies": { "@radix-ui/react-compose-refs": "^1.1.1", "@radix-ui/react-dialog": "^1.1.6", "@radix-ui/react-id": "^1.1.0", "@radix-ui/react-primitive": "^2.0.2" }, "peerDependencies": { "react": "^18 || ^19 || ^19.0.0-rc", "react-dom": "^18 || ^19 || ^19.0.0-rc" } }, "sha512-Vsv7kFaXm+ptHDMZ7izaRsP70GgrW9NBNGswt9OZaVBLlE0SNpDq8eu/VGXyF9r7M0azK3Wy7OlYXsuyYLFzHg=="],

    "commander": ["commander@8.3.0", "", {}, "sha512-OkTL9umf+He2DZkUq8f8J9of7yL6RJKI24dVITBmNfZBmri9zYZQrKkuXiKhyfPSu8tUhnVBB1iKXevvnlR4Ww=="],

    "cose-base": ["cose-base@1.0.3", "", { "dependencies": { "layout-base": "^1.0.0" } }, "sha512-s9whTXInMSgAp/NVXVNuVxVKzGH2qck3aQlVHxDCdAEPgtMKwc4Wq6/QKhgdEdgbLSi9rBTAcPoRa6JpiG4ksg=="],

    "csstype": ["csstype@3.2.3", "", {}, "sha512-z1HGKcYy2xA8AGQfwrn0PAy+PB7X/GSj3UVJW9qKyn43xWa+gl5nXmU4qqLMRzWVLFC8KusUX8T/0kCiOYpAIQ=="],

    "cytoscape": ["cytoscape@3.33.4", "", {}, "sha512-HIN5Pmd9MrX9BkV7tDwnOcEJCSFvCpc8X97h3f508J6I5FsqAY65wKOCvgH2CuP42CaahWaz4tuh32SOOIH7ww=="],

    "cytoscape-cose-bilkent": ["cytoscape-cose-bilkent@4.1.0", "", { "dependencies": { "cose-base": "^1.0.0" }, "peerDependencies": { "cytoscape": "^3.2.0" } }, "sha512-wgQlVIUJF13Quxiv5e1gstZ08rnZj2XaLHGoFMYXz7SkNfCDOOteKBE6SYRfA9WxxI/iBc3ajfDoc6hb/MRAHQ=="],

    "cytoscape-fcose": ["cytoscape-fcose@2.2.0", "", { "dependencies": { "cose-base": "^2.2.0" }, "peerDependencies": { "cytoscape": "^3.2.0" } }, "sha512-ki1/VuRIHFCzxWNrsshHYPs6L7TvLu3DL+TyIGEsRcvVERmxokbf5Gdk7mFxZnTdiGtnA4cfSmjZJMviqSuZrQ=="],

    "d3": ["d3@7.9.0", "", { "dependencies": { "d3-array": "3", "d3-axis": "3", "d3-brush": "3", "d3-chord": "3", "d3-color": "3", "d3-contour": "4", "d3-delaunay": "6", "d3-dispatch": "3", "d3-drag": "3", "d3-dsv": "3", "d3-ease": "3", "d3-fetch": "3", "d3-force": "3", "d3-format": "3", "d3-geo": "3", "d3-hierarchy": "3", "d3-interpolate": "3", "d3-path": "3", "d3-polygon": "3", "d3-quadtree": "3", "d3-random": "3", "d3-scale": "4", "d3-scale-chromatic": "3", "d3-selection": "3", "d3-shape": "3", "d3-time": "3", "d3-time-format": "4", "d3-timer": "3", "d3-transition": "3", "d3-zoom": "3" } }, "sha512-e1U46jVP+w7Iut8Jt8ri1YsPOvFpg46k+K8TpCb0P+zjCkjkPnV7WzfDJzMHy1LnA+wj5pLT1wjO901gLXeEhA=="],

    "d3-array": ["d3-array@3.2.4", "", { "dependencies": { "internmap": "1 - 2" } }, "sha512-tdQAmyA18i4J7wprpYq8ClcxZy3SC31QMeByyCFyRt7BVHdREQZ5lpzoe5mFEYZUWe+oq8HBvk9JjpibyEV4Jg=="],

    "d3-axis": ["d3-axis@3.0.0", "", {}, "sha512-IH5tgjV4jE/GhHkRV0HiVYPDtvfjHQlQfJHs0usq7M30XcSBvOotpmH1IgkcXsO/5gEQZD43B//fc7SRT5S+xw=="],

    "d3-brush": ["d3-brush@3.0.0", "", { "dependencies": { "d3-dispatch": "1 - 3", "d3-drag": "2 - 3", "d3-interpolate": "1 - 3", "d3-selection": "3", "d3-transition": "3" } }, "sha512-ALnjWlVYkXsVIGlOsuWH1+3udkYFI48Ljihfnh8FZPF2QS9o+PzGLBslO0PjzVoHLZ2KCVgAM8NVkXPJB2aNnQ=="],

    "d3-chord": ["d3-chord@3.0.1", "", { "dependencies": { "d3-path": "1 - 3" } }, "sha512-VE5S6TNa+j8msksl7HwjxMHDM2yNK3XCkusIlpX5kwauBfXuyLAtNg9jCp/iHH61tgI4sb6R/EIMWCqEIdjT/g=="],

    "d3-color": ["d3-color@3.1.0", "", {}, "sha512-zg/chbXyeBtMQ1LbD/WSoW2DpC3I0mpmPdW+ynRTj/x2DAWYrIY7qeZIHidozwV24m4iavr15lNwIwLxRmOxhA=="],

    "d3-contour": ["d3-contour@4.0.2", "", { "dependencies": { "d3-array": "^3.2.0" } }, "sha512-4EzFTRIikzs47RGmdxbeUvLWtGedDUNkTcmzoeyg4sP/dvCexO47AaQL7VKy/gul85TOxw+IBgA8US2xwbToNA=="],

    "d3-delaunay": ["d3-delaunay@6.0.4", "", { "dependencies": { "delaunator": "5" } }, "sha512-mdjtIZ1XLAM8bm/hx3WwjfHt6Sggek7qH043O8KEjDXN40xi3vx/6pYSVTwLjEgiXQTbvaouWKynLBiUZ6SK6A=="],

    "d3-dispatch": ["d3-dispatch@3.0.1", "", {}, "sha512-rzUyPU/S7rwUflMyLc1ETDeBj0NRuHKKAcvukozwhshr6g6c5d8zh4c2gQjY2bZ0dXeGLWc1PF174P2tVvKhfg=="],

    "d3-drag": ["d3-drag@3.0.0", "", { "dependencies": { "d3-dispatch": "1 - 3", "d3-selection": "3" } }, "sha512-pWbUJLdETVA8lQNJecMxoXfH6x+mO2UQo8rSmZ+QqxcbyA3hfeprFgIT//HW2nlHChWeIIMwS2Fq+gEARkhTkg=="],

    "d3-dsv": ["d3-dsv@3.0.1", "", { "dependencies": { "commander": "7", "iconv-lite": "0.6", "rw": "1" }, "bin": { "csv2json": "bin/dsv2json.js", "csv2tsv": "bin/dsv2dsv.js", "dsv2dsv": "bin/dsv2dsv.js", "dsv2json": "bin/dsv2json.js", "json2csv": "bin/json2dsv.js", "json2dsv": "bin/json2dsv.js", "json2tsv": "bin/json2dsv.js", "tsv2csv": "bin/dsv2dsv.js", "tsv2json": "bin/dsv2json.js" } }, "sha512-UG6OvdI5afDIFP9w4G0mNq50dSOsXHJaRE8arAS5o9ApWnIElp8GZw1Dun8vP8OyHOZ/QJUKUJwxiiCCnUwm+Q=="],

    "d3-ease": ["d3-ease@3.0.1", "", {}, "sha512-wR/XK3D3XcLIZwpbvQwQ5fK+8Ykds1ip7A2Txe0yxncXSdq1L9skcG7blcedkOX+ZcgxGAmLX1FrRGbADwzi0w=="],

    "d3-fetch": ["d3-fetch@3.0.1", "", { "dependencies": { "d3-dsv": "1 - 3" } }, "sha512-kpkQIM20n3oLVBKGg6oHrUchHM3xODkTzjMoj7aWQFq5QEM+R6E4WkzT5+tojDY7yjez8KgCBRoj4aEr99Fdqw=="],

    "d3-force": ["d3-force@3.0.0", "", { "dependencies": { "d3-dispatch": "1 - 3", "d3-quadtree": "1 - 3", "d3-timer": "1 - 3" } }, "sha512-zxV/SsA+U4yte8051P4ECydjD/S+qeYtnaIyAs9tgHCqfguma/aAQDjo85A9Z6EKhBirHRJHXIgJUlffT4wdLg=="],

    "d3-format": ["d3-format@3.1.2", "", {}, "sha512-AJDdYOdnyRDV5b6ArilzCPPwc1ejkHcoyFarqlPqT7zRYjhavcT3uSrqcMvsgh2CgoPbK3RCwyHaVyxYcP2Arg=="],

    "d3-geo": ["d3-geo@3.1.1", "", { "dependencies": { "d3-array": "2.5.0 - 3" } }, "sha512-637ln3gXKXOwhalDzinUgY83KzNWZRKbYubaG+fGVuc/dxO64RRljtCTnf5ecMyE1RIdtqpkVcq0IbtU2S8j2Q=="],

    "d3-hierarchy": ["d3-hierarchy@3.1.2", "", {}, "sha512-FX/9frcub54beBdugHjDCdikxThEqjnR93Qt7PvQTOHxyiNCAlvMrHhclk3cD5VeAaq9fxmfRp+CnWw9rEMBuA=="],

    "d3-interpolate": ["d3-interpolate@3.0.1", "", { "dependencies": { "d3-color": "1 - 3" } }, "sha512-3bYs1rOD33uo8aqJfKP3JWPAibgw8Zm2+L9vBKEHJ2Rg+viTR7o5Mmv5mZcieN+FRYaAOWX5SJATX6k1PWz72g=="],

    "d3-path": ["d3-path@3.1.0", "", {}, "sha512-p3KP5HCf/bvjBSSKuXid6Zqijx7wIfNW+J/maPs+iwR35at5JCbLUT0LzF1cnjbCHWhqzQTIN2Jpe8pRebIEFQ=="],

    "d3-polygon": ["d3-polygon@3.0.1", "", {}, "sha512-3vbA7vXYwfe1SYhED++fPUQlWSYTTGmFmQiany/gdbiWgU/iEyQzyymwL9SkJjFFuCS4902BSzewVGsHHmHtXg=="],

    "d3-quadtree": ["d3-quadtree@3.0.1", "", {}, "sha512-04xDrxQTDTCFwP5H6hRhsRcb9xxv2RzkcsygFzmkSIOJy3PeRJP7sNk3VRIbKXcog561P9oU0/rVH6vDROAgUw=="],

    "d3-random": ["d3-random@3.0.1", "", {}, "sha512-FXMe9GfxTxqd5D6jFsQ+DJ8BJS4E/fT5mqqdjovykEB2oFbTMDVdg1MGFxfQW+FBOGoB++k8swBrgwSHT1cUXQ=="],

    "d3-sankey": ["d3-sankey@0.12.3", "", { "dependencies": { "d3-array": "1 - 2", "d3-shape": "^1.2.0" } }, "sha512-nQhsBRmM19Ax5xEIPLMY9ZmJ/cDvd1BG3UVvt5h3WRxKg5zGRbvnteTyWAbzeSvlh3tW7ZEmq4VwR5mB3tutmQ=="],

    "d3-scale": ["d3-scale@4.0.2", "", { "dependencies": { "d3-array": "2.10.0 - 3", "d3-format": "1 - 3", "d3-interpolate": "1.2.0 - 3", "d3-time": "2.1.1 - 3", "d3-time-format": "2 - 4" } }, "sha512-GZW464g1SH7ag3Y7hXjf8RoUuAFIqklOAq3MRl4OaWabTFJY9PN/E1YklhXLh+OQ3fM9yS2nOkCoS+WLZ6kvxQ=="],

    "d3-scale-chromatic": ["d3-scale-chromatic@3.1.0", "", { "dependencies": { "d3-color": "1 - 3", "d3-interpolate": "1 - 3" } }, "sha512-A3s5PWiZ9YCXFye1o246KoscMWqf8BsD9eRiJ3He7C9OBaxKhAd5TFCdEx/7VbKtxxTsu//1mMJFrEt572cEyQ=="],

    "d3-selection": ["d3-selection@3.0.0", "", {}, "sha512-fmTRWbNMmsmWq6xJV8D19U/gw/bwrHfNXxrIN+HfZgnzqTHp9jOmKMhsTUjXOJnZOdZY9Q28y4yebKzqDKlxlQ=="],

    "d3-shape": ["d3-shape@3.2.0", "", { "dependencies": { "d3-path": "^3.1.0" } }, "sha512-SaLBuwGm3MOViRq2ABk3eLoxwZELpH6zhl3FbAoJ7Vm1gofKx6El1Ib5z23NUEhF9AsGl7y+dzLe5Cw2AArGTA=="],

    "d3-time": ["d3-time@3.1.0", "", { "dependencies": { "d3-array": "2 - 3" } }, "sha512-VqKjzBLejbSMT4IgbmVgDjpkYrNWUYJnbCGo874u7MMKIWsILRX+OpX/gTk8MqjpT1A/c6HY2dCA77ZN0lkQ2Q=="],

    "d3-time-format": ["d3-time-format@4.1.0", "", { "dependencies": { "d3-time": "1 - 3" } }, "sha512-dJxPBlzC7NugB2PDLwo9Q8JiTR3M3e4/XANkreKSUxF8vvXKqm1Yfq4Q5dl8budlunRVlUUaDUgFt7eA8D6NLg=="],

    "d3-timer": ["d3-timer@3.0.1", "", {}, "sha512-ndfJ/JxxMd3nw31uyKoY2naivF+r29V+Lc0svZxe1JvvIRmi8hUsrMvdOwgS1o6uBHmiz91geQ0ylPP0aj1VUA=="],

    "d3-transition": ["d3-transition@3.0.1", "", { "dependencies": { "d3-color": "1 - 3", "d3-dispatch": "1 - 3", "d3-ease": "1 - 3", "d3-interpolate": "1 - 3", "d3-timer": "1 - 3" }, "peerDependencies": { "d3-selection": "2 - 3" } }, "sha512-ApKvfjsSR6tg06xrL434C0WydLr7JewBB3V+/39RMHsaXTOG0zmt/OAXeng5M5LBm0ojmxJrpomQVZ1aPvBL4w=="],

    "d3-zoom": ["d3-zoom@3.0.0", "", { "dependencies": { "d3-dispatch": "1 - 3", "d3-drag": "2 - 3", "d3-interpolate": "1 - 3", "d3-selection": "2 - 3", "d3-transition": "2 - 3" } }, "sha512-b8AmV3kfQaqWAuacbPuNbL6vahnOJflOhexLzMMNLga62+/nh0JzvJ0aO/5a5MVgUFGS7Hu1P9P03o3fJkDCyw=="],

    "dagre-d3-es": ["dagre-d3-es@7.0.14", "", { "dependencies": { "d3": "^7.9.0", "lodash-es": "^4.17.21" } }, "sha512-P4rFMVq9ESWqmOgK+dlXvOtLwYg0i7u0HBGJER0LZDJT2VHIPAMZ/riPxqJceWMStH5+E61QxFra9kIS3AqdMg=="],

    "dayjs": ["dayjs@1.11.20", "", {}, "sha512-YbwwqR/uYpeoP4pu043q+LTDLFBLApUP6VxRihdfNTqu4ubqMlGDLd6ErXhEgsyvY0K6nCs7nggYumAN+9uEuQ=="],

    "delaunator": ["delaunator@5.1.0", "", { "dependencies": { "robust-predicates": "^3.0.2" } }, "sha512-AGrQ4QSgssa1NGmWmLPqN5NY2KajF5MqxetNEO+o0n3ZwZZeTmt7bBnvzHWrmkZFxGgr4HdyFgelzgi06otLuQ=="],

    "detect-libc": ["detect-libc@2.1.2", "", {}, "sha512-Btj2BOOO83o3WyH59e8MgXsxEQVcarkUOpEYrubB0urwnN10yQ364rsiByU11nZlqWYZm05i/of7io4mzihBtQ=="],

    "detect-node-es": ["detect-node-es@1.1.0", "", {}, "sha512-ypdmJU/TbBby2Dxibuv7ZLW3Bs1QEmM7nHjEANfohJLvE0XVujisn1qPJcZxg+qDucsr+bP6fLD1rPS3AhJ7EQ=="],

    "dompurify": ["dompurify@3.4.5", "", { "optionalDependencies": { "@types/trusted-types": "^2.0.7" } }, "sha512-OrwIBKsdNSVEeubdJ1HBv/wNENRM9ytAVCv7YXt//A3vPdVMNuACRqK9mXCGCBW2ln7BT/A4X0jXHo2Gu89miA=="],

    "effect": ["effect@3.21.2", "", { "dependencies": { "@standard-schema/spec": "^1.0.0", "fast-check": "^3.23.1" } }, "sha512-rXd2FGDM8KdjSIrc+mqEELo7ScW7xTVxEf1iInmPSpIde9/nyGuFM710cjTo7/EreGXiUX2MOonPpprbz2XHCg=="],

    "es-toolkit": ["es-toolkit@1.46.1", "", {}, "sha512-5eNtXOs3tbfxXOj04tjjseeWkRWaoCjdEI+96DgwzZoe6c9juL49pXlzAFTI72aWC9Y8p7168g6XIKjh7k6pyQ=="],

    "fast-check": ["fast-check@3.23.2", "", { "dependencies": { "pure-rand": "^6.1.0" } }, "sha512-h5+1OzzfCC3Ef7VbtKdcv7zsstUQwUDlYpUTvjeUsJAssPgLn7QzbboPtL5ro04Mq0rPOsMzl7q5hIbRs2wD1A=="],

    "find-my-way-ts": ["find-my-way-ts@0.1.6", "", {}, "sha512-a85L9ZoXtNAey3Y6Z+eBWW658kO/MwR7zIafkIUPUMf3isZG0NCs2pjW2wtjxAKuJPxMAsHUIP4ZPGv0o5gyTA=="],

    "get-nonce": ["get-nonce@1.0.1", "", {}, "sha512-FJhYRoDaiatfEkUK8HKlicmu/3SGFD51q3itKDGoSTysQJBnfOcxU5GxnhE1E6soB76MbT0MBtnKJuXyAx+96Q=="],

    "github-slugger": ["github-slugger@2.0.0", "", {}, "sha512-IaOQ9puYtjrkq7Y0Ygl9KDZnrf/aiUJYUpVf89y8kyaxbRG7Y1SrX/jaumrv81vc61+kiMempujsM3Yw7w5qcw=="],

    "hachure-fill": ["hachure-fill@0.5.2", "", {}, "sha512-3GKBOn+m2LX9iq+JC1064cSFprJY4jL1jCXTcpnfER5HYE2l/4EfWSGzkPa/ZDBmYI0ZOEj5VHV/eKnPGkHuOg=="],

    "highlight.js": ["highlight.js@11.11.1", "", {}, "sha512-Xwwo44whKBVCYoliBQwaPvtd/2tYFkRQtXDWj1nackaV2JPXx3L0+Jvd8/qCJ2p+ML0/XVkJ2q+Mr+UVdpJK5w=="],

    "iconv-lite": ["iconv-lite@0.6.3", "", { "dependencies": { "safer-buffer": ">= 2.1.2 < 3.0.0" } }, "sha512-4fCk79wshMdzMp2rH06qWrJE4iolqLhCUH+OiuIgU++RB0+94NlDL81atO7GX55uUKueo0txHNtvEyI6D7WdMw=="],

    "import-meta-resolve": ["import-meta-resolve@4.2.0", "", {}, "sha512-Iqv2fzaTQN28s/FwZAoFq0ZSs/7hMAHJVX+w8PZl3cY19Pxk6jFFalxQoIfW2826i/fDLXv8IiEZRIT0lDuWcg=="],

    "internmap": ["internmap@2.0.3", "", {}, "sha512-5Hh7Y1wQbvY5ooGgPbDaL5iYLAPzMTUrjMulskHLH6wnv/A+1q5rgEaiuqEjB+oxGXIVZs1FF+R/KPN3ZSQYYg=="],

    "katex": ["katex@0.16.47", "", { "dependencies": { "commander": "^8.3.0" }, "bin": { "katex": "cli.js" } }, "sha512-Eeo8Ys1doU1z+x8AZsPpQu+p/QcZBI5PeOo7QGQdy2x2m0MU/hYagBbGOmXwr5KVbEfVuWv9LpnQWeehogurjg=="],

    "khroma": ["khroma@2.1.0", "", {}, "sha512-Ls993zuzfayK269Svk9hzpeGUKob/sIgZzyHYdjQoAdQetRKpOLj+k/QQQ/6Qi0Yz65mlROrfd+Ev+1+7dz9Kw=="],

    "layout-base": ["layout-base@1.0.2", "", {}, "sha512-8h2oVEZNktL4BH2JCOI90iD1yXwL6iNW7KcCKT2QZgQJR2vbqDsldCTPRU9NifTCqHZci57XvQQ15YTu+sTYPg=="],

    "lodash-es": ["lodash-es@4.18.1", "", {}, "sha512-J8xewKD/Gk22OZbhpOVSwcs60zhd95ESDwezOFuA3/099925PdHJ7OFHNTGtajL3AlZkykD32HykiMo+BIBI8A=="],

    "marked": ["marked@18.0.4", "", { "bin": { "marked": "bin/marked.js" } }, "sha512-c/BTaKzg0G6ezQx97DAkYU7k0HM6ys0FqYeKBL6hlBByZwy+ycA1+f0vDdjMHKKeEjdgkx0GOv9Il6D+85cOqA=="],

    "marked-gfm-heading-id": ["marked-gfm-heading-id@4.1.4", "", { "dependencies": { "github-slugger": "^2.0.0" }, "peerDependencies": { "marked": ">=13 <19" } }, "sha512-CspnvVfHSkb/znqdPS4jUR8HtCjq3M/DnrsJCrfLBLvdrgbemmoINKpeWKQYkBiXAoBGejw0cV7xzqrPdup3WA=="],

    "marked-highlight": ["marked-highlight@2.2.4", "", { "peerDependencies": { "marked": ">=4 <19" } }, "sha512-PZxisNMJDduSjc0q6uvjsnqqHCXc9s0eyzxDO9sB1eNGJnd/H1/Fu+z6g/liC1dfJdFW4SftMwMlLvsBhUPrqQ=="],

    "marked-katex-extension": ["marked-katex-extension@5.1.8", "", { "peerDependencies": { "katex": ">=0.16 <0.17", "marked": ">=4 <19" } }, "sha512-TsV9OCHHDjVBf4IH0RSjLs4Eqsjj8HGfmVCKlimrS391EtBBxzXj2gBYdF9tY7f7oXu9tb1kHV86ExJsG3iMhw=="],

    "mermaid": ["mermaid@11.15.0", "", { "dependencies": { "@braintree/sanitize-url": "^7.1.1", "@iconify/utils": "^3.0.2", "@mermaid-js/parser": "^1.1.1", "@types/d3": "^7.4.3", "@upsetjs/venn.js": "^2.0.0", "cytoscape": "^3.33.1", "cytoscape-cose-bilkent": "^4.1.0", "cytoscape-fcose": "^2.2.0", "d3": "^7.9.0", "d3-sankey": "^0.12.3", "dagre-d3-es": "7.0.14", "dayjs": "^1.11.19", "dompurify": "^3.3.1", "es-toolkit": "^1.45.1", "katex": "^0.16.25", "khroma": "^2.1.0", "marked": "^16.3.0", "roughjs": "^4.6.6", "stylis": "^4.3.6", "ts-dedent": "^2.2.0", "uuid": "^11.1.0 || ^12 || ^13 || ^14.0.0" } }, "sha512-pTMbcf3rWdtLiYGpmoTjHEpeY8seiy6sR+9nD7LOs8KfUbHE4lOUAprTRqRAcWSQ6MQpdX+YEsxShtGsINtPtw=="],

    "msgpackr": ["msgpackr@1.11.12", "", { "optionalDependencies": { "msgpackr-extract": "^3.0.2" } }, "sha512-RBdJ1Un7yGlXWajrkxcSa93nvQ0w4zBf60c0yYv7YtBelP8H2FA7XsfBbMHtXKXUMUxH7zV3Zuozh+kUQWhHvg=="],

    "msgpackr-extract": ["msgpackr-extract@3.0.3", "", { "dependencies": { "node-gyp-build-optional-packages": "5.2.2" }, "optionalDependencies": { "@msgpackr-extract/msgpackr-extract-darwin-arm64": "3.0.3", "@msgpackr-extract/msgpackr-extract-darwin-x64": "3.0.3", "@msgpackr-extract/msgpackr-extract-linux-arm": "3.0.3", "@msgpackr-extract/msgpackr-extract-linux-arm64": "3.0.3", "@msgpackr-extract/msgpackr-extract-linux-x64": "3.0.3", "@msgpackr-extract/msgpackr-extract-win32-x64": "3.0.3" }, "bin": { "download-msgpackr-prebuilds": "bin/download-prebuilds.js" } }, "sha512-P0efT1C9jIdVRefqjzOQ9Xml57zpOXnIuS+csaB4MdZbTdmGDLo8XhzBG1N7aO11gKDDkJvBLULeFTo46wwreA=="],

    "multipasta": ["multipasta@0.2.7", "", {}, "sha512-KPA58d68KgGil15oDqXjkUBEBYc00XvbPj5/X+dyzeo/lWm9Nc25pQRlf1D+gv4OpK7NM0J1odrbu9JNNGvynA=="],

    "node-gyp-build-optional-packages": ["node-gyp-build-optional-packages@5.2.2", "", { "dependencies": { "detect-libc": "^2.0.1" }, "bin": { "node-gyp-build-optional-packages": "bin.js", "node-gyp-build-optional-packages-optional": "optional.js", "node-gyp-build-optional-packages-test": "build-test.js" } }, "sha512-s+w+rBWnpTMwSFbaE0UXsRlg7hU4FjekKU4eyAih5T8nJuNZT1nNsskXpxmeqSK9UzkBl6UgRlnKc8hz8IEqOw=="],

    "package-manager-detector": ["package-manager-detector@1.6.0", "", {}, "sha512-61A5ThoTiDG/C8s8UMZwSorAGwMJ0ERVGj2OjoW5pAalsNOg15+iQiPzrLJ4jhZ1HJzmC2PIHT2oEiH3R5fzNA=="],

    "path-data-parser": ["path-data-parser@0.1.0", "", {}, "sha512-NOnmBpt5Y2RWbuv0LMzsayp3lVylAHLPUTut412ZA3l+C4uw4ZVkQbjShYCQ8TCpUMdPapr4YjUqLYD6v68j+w=="],

    "points-on-curve": ["points-on-curve@0.2.0", "", {}, "sha512-0mYKnYYe9ZcqMCWhUjItv/oHjvgEsfKvnUTg8sAtnHr3GVy7rGkXCb6d5cSyqrWqL4k81b9CPg3urd+T7aop3A=="],

    "points-on-path": ["points-on-path@0.2.1", "", { "dependencies": { "path-data-parser": "0.1.0", "points-on-curve": "0.2.0" } }, "sha512-25ClnWWuw7JbWZcgqY/gJ4FQWadKxGWk+3kR/7kD0tCaDtPPMj7oHu2ToLaVhfpnHrZzYby2w6tUA0eOIuUg8g=="],

    "pure-rand": ["pure-rand@6.1.0", "", {}, "sha512-bVWawvoZoBYpp6yIoQtQXHZjmz35RSVHnUOTefl8Vcjr8snTPY1wnpSPMWekcFwbxI6gtmT7rSYPFvz71ldiOA=="],

    "react": ["react@19.2.6", "", {}, "sha512-sfWGGfavi0xr8Pg0sVsyHMAOziVYKgPLNrS7ig+ivMNb3wbCBw3KxtflsGBAwD3gYQlE/AEZsTLgToRrSCjb0Q=="],

    "react-dom": ["react-dom@19.2.6", "", { "dependencies": { "scheduler": "^0.27.0" }, "peerDependencies": { "react": "^19.2.6" } }, "sha512-0prMI+hvBbPjsWnxDLxlCGyM8PN6UuWjEUCYmZhO67xIV9Xasa/r/vDnq+Xyq4Lo27g8QSbO5YzARu0D1Sps3g=="],

    "react-hotkeys-hook": ["react-hotkeys-hook@4.6.2", "", { "peerDependencies": { "react": ">=16.8.1", "react-dom": ">=16.8.1" } }, "sha512-FmP+ZriY3EG59Ug/lxNfrObCnW9xQShgk7Nb83+CkpfkcCpfS95ydv+E9JuXA5cp8KtskU7LGlIARpkc92X22Q=="],

    "react-remove-scroll": ["react-remove-scroll@2.7.2", "", { "dependencies": { "react-remove-scroll-bar": "^2.3.7", "react-style-singleton": "^2.2.3", "tslib": "^2.1.0", "use-callback-ref": "^1.3.3", "use-sidecar": "^1.1.3" }, "peerDependencies": { "@types/react": "*", "react": "^16.8.0 || ^17.0.0 || ^18.0.0 || ^19.0.0 || ^19.0.0-rc" }, "optionalPeers": ["@types/react"] }, "sha512-Iqb9NjCCTt6Hf+vOdNIZGdTiH1QSqr27H/Ek9sv/a97gfueI/5h1s3yRi1nngzMUaOOToin5dI1dXKdXiF+u0Q=="],

    "react-remove-scroll-bar": ["react-remove-scroll-bar@2.3.8", "", { "dependencies": { "react-style-singleton": "^2.2.2", "tslib": "^2.0.0" }, "peerDependencies": { "@types/react": "*", "react": "^16.8.0 || ^17.0.0 || ^18.0.0 || ^19.0.0" }, "optionalPeers": ["@types/react"] }, "sha512-9r+yi9+mgU33AKcj6IbT9oRCO78WriSj6t/cF8DWBZJ9aOGPOTEDvdUDz1FwKim7QXWwmHqtdHnRJfhAxEG46Q=="],

    "react-style-singleton": ["react-style-singleton@2.2.3", "", { "dependencies": { "get-nonce": "^1.0.0", "tslib": "^2.0.0" }, "peerDependencies": { "@types/react": "*", "react": "^16.8.0 || ^17.0.0 || ^18.0.0 || ^19.0.0 || ^19.0.0-rc" }, "optionalPeers": ["@types/react"] }, "sha512-b6jSvxvVnyptAiLjbkWLE/lOnR4lfTtDAl+eUC7RZy+QQWc6wRzIV2CE6xBuMmDxc2qIihtDCZD5NPOFl7fRBQ=="],

    "reselect": ["reselect@5.2.0", "", {}, "sha512-AgZ3UOZm3YndfrJ4OYjgrT7bmCm/1iqkjvEfH/oYjzh6PD2qw4QuT3jjnXIrpdt4MTpMXclMT3lXbmRY+XRakw=="],

    "robust-predicates": ["robust-predicates@3.0.3", "", {}, "sha512-NS3levdsRIUOmiJ8FZWCP7LG3QpJyrs/TE0Zpf1yvZu8cAJJ6QMW92H1c7kWpdIHo8RvmLxN/o2JXTKHp74lUA=="],

    "roughjs": ["roughjs@4.6.6", "", { "dependencies": { "hachure-fill": "^0.5.2", "path-data-parser": "^0.1.0", "points-on-curve": "^0.2.0", "points-on-path": "^0.2.1" } }, "sha512-ZUz/69+SYpFN/g/lUlo2FXcIjRkSu3nDarreVdGGndHEBJ6cXPdKguS8JGxwj5HA5xIbVKSmLgr5b3AWxtRfvQ=="],

    "rw": ["rw@1.3.3", "", {}, "sha512-PdhdWy89SiZogBLaw42zdeqtRJ//zFd2PgQavcICDUgJT5oW10QCRKbJ6bg4r0/UY2M6BWd5tkxuGFRvCkgfHQ=="],

    "safer-buffer": ["safer-buffer@2.1.2", "", {}, "sha512-YZo3K82SD7Riyi0E1EQPojLz7kpepnSQI9IyPbHHg1XXXevb5dJI7tpyN2ADxGcQbHG7vcyRHk0cbwqcQriUtg=="],

    "scheduler": ["scheduler@0.27.0", "", {}, "sha512-eNv+WrVbKu1f3vbYJT/xtiF5syA5HPIMtf9IgY/nKg0sWqzAUEvqY/xm7OcZc/qafLx/iO9FgOmeSAp4v5ti/Q=="],

    "stylis": ["stylis@4.4.0", "", {}, "sha512-5Z9ZpRzfuH6l/UAvCPAPUo3665Nk2wLaZU3x+TLHKVzIz33+sbJqbtrYoC3KD4/uVOr2Zp+L0LySezP9OHV9yA=="],

    "tabbable": ["tabbable@6.4.0", "", {}, "sha512-05PUHKSNE8ou2dwIxTngl4EzcnsCDZGJ/iCLtDflR/SHB/ny14rXc+qU5P4mG9JkusiV7EivzY9Mhm55AzAvCg=="],

    "tinyexec": ["tinyexec@1.1.2", "", {}, "sha512-dAqSqE/RabpBKI8+h26GfLq6Vb3JVXs30XYQjdMjaj/c2tS8IYYMbIzP599KtRj7c57/wYApb3QjgRgXmrCukA=="],

    "ts-dedent": ["ts-dedent@2.2.0", "", {}, "sha512-q5W7tVM71e2xjHZTlgfTDoPF/SmqKG5hddq9SzR49CH2hayqRKJtQ4mtRlSxKaJlR/+9rEM+mnBHf7I2/BQcpQ=="],

    "tslib": ["tslib@2.8.1", "", {}, "sha512-oJFu94HQb+KVduSUQL7wnpmqnfmLsOA/nAh6b6EH0wCEoK0/mPeXU6c3wKDV83MkOuHPRHtSXKKU99IBazS/2w=="],

    "typescript": ["typescript@5.9.3", "", { "bin": { "tsc": "bin/tsc", "tsserver": "bin/tsserver" } }, "sha512-jl1vZzPDinLr9eUt3J/t7V6FgNEw9QjvBPdysz9KfQDD41fQrC2Y4vKQdiaUpFT4bXlb1RHhLpp8wtm6M5TgSw=="],

    "ulid": ["ulid@2.4.0", "", { "bin": { "ulid": "bin/cli.js" } }, "sha512-fIRiVTJNcSRmXKPZtGzFQv9WRrZ3M9eoptl/teFJvjOzmpU+/K/JH6HZ8deBfb5vMEpicJcLn7JmvdknlMq7Zg=="],

    "undici-types": ["undici-types@7.24.6", "", {}, "sha512-WRNW+sJgj5OBN4/0JpHFqtqzhpbnV0GuB+OozA9gCL7a993SmU+1JBZCzLNxYsbMfIeDL+lTsphD5jN5N+n0zg=="],

    "use-callback-ref": ["use-callback-ref@1.3.3", "", { "dependencies": { "tslib": "^2.0.0" }, "peerDependencies": { "@types/react": "*", "react": "^16.8.0 || ^17.0.0 || ^18.0.0 || ^19.0.0 || ^19.0.0-rc" }, "optionalPeers": ["@types/react"] }, "sha512-jQL3lRnocaFtu3V00JToYz/4QkNWswxijDaCVNZRiRTO3HQDLsdu1ZtmIUvV4yPp+rvWm5j0y0TG/S61cuijTg=="],

    "use-sidecar": ["use-sidecar@1.1.3", "", { "dependencies": { "detect-node-es": "^1.1.0", "tslib": "^2.0.0" }, "peerDependencies": { "@types/react": "*", "react": "^16.8.0 || ^17.0.0 || ^18.0.0 || ^19.0.0 || ^19.0.0-rc" }, "optionalPeers": ["@types/react"] }, "sha512-Fedw0aZvkhynoPYlA5WXrMCAMm+nSWdZt6lzJQ7Ok8S6Q+VsHmHpRWndVRJ8Be0ZbkfPc5LRYH+5XrzXcEeLRQ=="],

    "use-sync-external-store": ["use-sync-external-store@1.6.0", "", { "peerDependencies": { "react": "^16.8.0 || ^17.0.0 || ^18.0.0 || ^19.0.0" } }, "sha512-Pp6GSwGP/NrPIrxVFAIkOQeyw8lFenOHijQWkUTrDvrF4ALqylP2C/KCkeS9dpUM3KvYRQhna5vt7IL95+ZQ9w=="],

    "uuid": ["uuid@14.0.0", "", { "bin": { "uuid": "dist-node/bin/uuid" } }, "sha512-Qo+uWgilfSmAhXCMav1uYFynlQO7fMFiMVZsQqZRMIXp0O7rR7qjkj+cPvBHLgBqi960QCoo/PH2/6ZtVqKvrg=="],

    "zod": ["zod@3.25.76", "", {}, "sha512-gzUt/qt81nXsFGKIFcC3YnfEAx5NkunCfnDlvuBSSFS02bcXu4Lmea0AFIUwbLWxWPx3d9p8S5QoaujKcNQxcQ=="],

    "@effect/experimental/uuid": ["uuid@11.1.1", "", { "bin": { "uuid": "dist/esm/bin/uuid" } }, "sha512-vIYxrBCC/N/K+Js3qSN88go7kIfNPssr/hHCesKCQNAjmgvYS2oqr69kIufEG+O4+PfezOH4EbIeHCfFov8ZgQ=="],

    "@radix-ui/react-dialog/@radix-ui/react-primitive": ["@radix-ui/react-primitive@2.1.3", "", { "dependencies": { "@radix-ui/react-slot": "1.2.3" }, "peerDependencies": { "@types/react": "*", "@types/react-dom": "*", "react": "^16.8 || ^17.0 || ^18.0 || ^19.0 || ^19.0.0-rc", "react-dom": "^16.8 || ^17.0 || ^18.0 || ^19.0 || ^19.0.0-rc" }, "optionalPeers": ["@types/react", "@types/react-dom"] }, "sha512-m9gTwRkhy2lvCPe6QJp4d3G1TYEUHn/FzJUtq9MjH46an1wJU+GdoGC5VLof8RX8Ft/DlpshApkhswDLZzHIcQ=="],

    "@radix-ui/react-dismissable-layer/@radix-ui/react-primitive": ["@radix-ui/react-primitive@2.1.3", "", { "dependencies": { "@radix-ui/react-slot": "1.2.3" }, "peerDependencies": { "@types/react": "*", "@types/react-dom": "*", "react": "^16.8 || ^17.0 || ^18.0 || ^19.0 || ^19.0.0-rc", "react-dom": "^16.8 || ^17.0 || ^18.0 || ^19.0 || ^19.0.0-rc" }, "optionalPeers": ["@types/react", "@types/react-dom"] }, "sha512-m9gTwRkhy2lvCPe6QJp4d3G1TYEUHn/FzJUtq9MjH46an1wJU+GdoGC5VLof8RX8Ft/DlpshApkhswDLZzHIcQ=="],

    "@radix-ui/react-focus-scope/@radix-ui/react-primitive": ["@radix-ui/react-primitive@2.1.3", "", { "dependencies": { "@radix-ui/react-slot": "1.2.3" }, "peerDependencies": { "@types/react": "*", "@types/react-dom": "*", "react": "^16.8 || ^17.0 || ^18.0 || ^19.0 || ^19.0.0-rc", "react-dom": "^16.8 || ^17.0 || ^18.0 || ^19.0 || ^19.0.0-rc" }, "optionalPeers": ["@types/react", "@types/react-dom"] }, "sha512-m9gTwRkhy2lvCPe6QJp4d3G1TYEUHn/FzJUtq9MjH46an1wJU+GdoGC5VLof8RX8Ft/DlpshApkhswDLZzHIcQ=="],

    "@radix-ui/react-portal/@radix-ui/react-primitive": ["@radix-ui/react-primitive@2.1.3", "", { "dependencies": { "@radix-ui/react-slot": "1.2.3" }, "peerDependencies": { "@types/react": "*", "@types/react-dom": "*", "react": "^16.8 || ^17.0 || ^18.0 || ^19.0 || ^19.0.0-rc", "react-dom": "^16.8 || ^17.0 || ^18.0 || ^19.0 || ^19.0.0-rc" }, "optionalPeers": ["@types/react", "@types/react-dom"] }, "sha512-m9gTwRkhy2lvCPe6QJp4d3G1TYEUHn/FzJUtq9MjH46an1wJU+GdoGC5VLof8RX8Ft/DlpshApkhswDLZzHIcQ=="],

    "@radix-ui/react-primitive/@radix-ui/react-slot": ["@radix-ui/react-slot@1.2.4", "", { "dependencies": { "@radix-ui/react-compose-refs": "1.1.2" }, "peerDependencies": { "@types/react": "*", "react": "^16.8 || ^17.0 || ^18.0 || ^19.0 || ^19.0.0-rc" }, "optionalPeers": ["@types/react"] }, "sha512-Jl+bCv8HxKnlTLVrcDE8zTMJ09R9/ukw4qBs/oZClOfoQk/cOTbDn+NceXfV7j09YPVQUryJPHurafcSg6EVKA=="],

    "cytoscape-fcose/cose-base": ["cose-base@2.2.0", "", { "dependencies": { "layout-base": "^2.0.0" } }, "sha512-AzlgcsCbUMymkADOJtQm3wO9S3ltPfYOFD5033keQn9NJzIbtnZj+UdBJe7DYml/8TdbtHJW3j58SOnKhWY/5g=="],

    "d3-dsv/commander": ["commander@7.2.0", "", {}, "sha512-QrWXB+ZQSVPmIWIhtEO9H+gwHaMGYiF5ChvoJ+K9ZGHG/sVsa6yiesAD1GC/x46sET00Xlwo1u49RVVVzvcSkw=="],

    "d3-sankey/d3-array": ["d3-array@2.12.1", "", { "dependencies": { "internmap": "^1.0.0" } }, "sha512-B0ErZK/66mHtEsR1TkPEEkwdy+WDesimkM5gpZr5Dsg54BiTA5RXtYW5qTLIAcekaS9xfZrzBLF/OAkB3Qn1YQ=="],

    "d3-sankey/d3-shape": ["d3-shape@1.3.7", "", { "dependencies": { "d3-path": "1" } }, "sha512-EUkvKjqPFUAZyOlhY5gzCxCeI0Aep04LwIRpsZ/mLFelJiUfnK56jo5JMDSE7yyP2kLSb6LtF+S5chMk7uqPqw=="],

    "mermaid/marked": ["marked@16.4.2", "", { "bin": { "marked": "bin/marked.js" } }, "sha512-TI3V8YYWvkVf3KJe1dRkpnjs68JUPyEa5vjKrp1XEEJUAOaQc+Qj+L1qWbPd0SJuAdQkFU0h73sXXqwDYxsiDA=="],

    "cytoscape-fcose/cose-base/layout-base": ["layout-base@2.0.1", "", {}, "sha512-dp3s92+uNI1hWIpPGH3jK2kxE2lMjdXdr+DH8ynZHpd6PUlH6x6cbuXnoMmiNumznqaNO31xu9e79F0uuZ0JFg=="],

    "d3-sankey/d3-array/internmap": ["internmap@1.0.1", "", {}, "sha512-lDB5YccMydFBtasVtxnZ3MRBHuaoE8GKsppq+EchKL2U4nK/DmEpPHNH8MZe5HkMtpSiTSOZwfN0tzYjO/lJEw=="],

    "d3-sankey/d3-shape/d3-path": ["d3-path@1.0.9", "", {}, "sha512-VLaYcn81dtHVTjEHd8B+pbe9yHWpXKZUC87PzoFmsFrJqgFwDe/qxfp5MlfsfM1V5E/iVt0MmEbWQ7FVIXh/bg=="],
  }
}
